// !$*UTF8*$!
{
	archiveVersion = 1;
	classes = {
	};
	objectVersion = 56;
	objects = {

/* Begin PBXBuildFile section */
		D513C4E52BCCD2CC00E0ABF1 /* QuestionViewController.swift in Sources */ = {isa = PBXBuildFile; fileRef = D513C4E42BCCD2CC00E0ABF1 /* QuestionViewController.swift */; };
		D513C4E72BCCD2F600E0ABF1 /* ResultsViewController.swift in Sources */ = {isa = PBXBuildFile; fileRef = D513C4E62BCCD2F600E0ABF1 /* ResultsViewController.swift */; };
		D513C4EB2BCCE7C900E0ABF1 /* QuestionData.swift in Sources */ = {isa = PBXBuildFile; fileRef = D513C4EA2BCCE7C900E0ABF1 /* QuestionData.swift */; };
		D53E91EB2BCCC6B4005BB379 /* AppDelegate.swift in Sources */ = {isa = PBXBuildFile; fileRef = D53E91EA2BCCC6B4005BB379 /* AppDelegate.swift */; };
		D53E91ED2BCCC6B4005BB379 /* SceneDelegate.swift in Sources */ = {isa = PBXBuildFile; fileRef = D53E91EC2BCCC6B4005BB379 /* SceneDelegate.swift */; };
		D53E91EF2BCCC6B4005BB379 /* IntroductionViewController.swift in Sources */ = {isa = PBXBuildFile; fileRef = D53E91EE2BCCC6B4005BB379 /* IntroductionViewController.swift */; };
		D53E91F22BCCC6B4005BB379 /* Base in Resources */ = {isa = PBXBuildFile; fileRef = D53E91F12BCCC6B4005BB379 /* Base */; };
		D53E91F52BCCC6B4005BB379 /* PersonalityQuiz.xcdatamodeld in Sources */ = {isa = PBXBuildFile; fileRef = D53E91F32BCCC6B4005BB379 /* PersonalityQuiz.xcdatamodeld */; };
		D53E91F72BCCC6B5005BB379 /* Assets.xcassets in Resources */ = {isa = PBXBuildFile; fileRef = D53E91F62BCCC6B5005BB379 /* Assets.xcassets */; };
		D53E91FA2BCCC6B5005BB379 /* Base in Resources */ = {isa = PBXBuildFile; fileRef = D53E91F92BCCC6B5005BB379 /* Base */; };
		D53E92052BCCC6B5005BB379 /* PersonalityQuizTests.swift in Sources */ = {isa = PBXBuildFile; fileRef = D53E92042BCCC6B5005BB379 /* PersonalityQuizTests.swift */; };
		D53E920F2BCCC6B5005BB379 /* PersonalityQuizUITests.swift in Sources */ = {isa = PBXBuildFile; fileRef = D53E920E2BCCC6B5005BB379 /* PersonalityQuizUITests.swift */; };
		D53E92112BCCC6B5005BB379 /* PersonalityQuizUITestsLaunchTests.swift in Sources */ = {isa = PBXBuildFile; fileRef = D53E92102BCCC6B5005BB379 /* PersonalityQuizUITestsLaunchTests.swift */; };
/* End PBXBuildFile section */

/* Begin PBXContainerItemProxy section */
		D53E92012BCCC6B5005BB379 /* PBXContainerItemProxy */ = {
			isa = PBXContainerItemProxy;
			containerPortal = D53E91DF2BCCC6B4005BB379 /* Project object */;
			proxyType = 1;
			remoteGlobalIDString = D53E91E62BCCC6B4005BB379;
			remoteInfo = PersonalityQuiz;
		};
		D53E920B2BCCC6B5005BB379 /* PBXContainerItemProxy */ = {
			isa = PBXContainerItemProxy;
			containerPortal = D53E91DF2BCCC6B4005BB379 /* Project object */;
			proxyType = 1;
			remoteGlobalIDString = D53E91E62BCCC6B4005BB379;
			remoteInfo = PersonalityQuiz;
		};
/* End PBXContainerItemProxy section */

/* Begin PBXFileReference section */
		D513C4E42BCCD2CC00E0ABF1 /* QuestionViewController.swift */ = {isa = PBXFileReference; lastKnownFileType = sourcecode.swift; path = QuestionViewController.swift; sourceTree = "<group>"; };
		D513C4E62BCCD2F600E0ABF1 /* ResultsViewController.swift */ = {isa = PBXFileReference; lastKnownFileType = sourcecode.swift; path = ResultsViewController.swift; sourceTree = "<group>"; };
		D513C4EA2BCCE7C900E0ABF1 /* QuestionData.swift */ = {isa = PBXFileReference; lastKnownFileType = sourcecode.swift; path = QuestionData.swift; sourceTree = "<group>"; };
		D53E91E72BCCC6B4005BB379 /* PersonalityQuiz.app */ = {isa = PBXFileReference; explicitFileType = wrapper.application; includeInIndex = 0; path = PersonalityQuiz.app; sourceTree = BUILT_PRODUCTS_DIR; };
		D53E91EA2BCCC6B4005BB379 /* AppDelegate.swift */ = {isa = PBXFileReference; lastKnownFileType = sourcecode.swift; path = AppDelegate.swift; sourceTree = "<group>"; };
		D53E91EC2BCCC6B4005BB379 /* SceneDelegate.swift */ = {isa = PBXFileReference; lastKnownFileType = sourcecode.swift; path = SceneDelegate.swift; sourceTree = "<group>"; };
		D53E91EE2BCCC6B4005BB379 /* IntroductionViewController.swift */ = {isa = PBXFileReference; lastKnownFileType = sourcecode.swift; path = IntroductionViewController.swift; sourceTree = "<group>"; };
		D53E91F12BCCC6B4005BB379 /* Base */ = {isa = PBXFileReference; lastKnownFileType = file.storyboard; name = Base; path = Base.lproj/Main.storyboard; sourceTree = "<group>"; };
		D53E91F42BCCC6B4005BB379 /* PersonalityQuiz.xcdatamodel */ = {isa = PBXFileReference; lastKnownFileType = wrapper.xcdatamodel; path = PersonalityQuiz.xcdatamodel; sourceTree = "<group>"; };
		D53E91F62BCCC6B5005BB379 /* Assets.xcassets */ = {isa = PBXFileReference; lastKnownFileType = folder.assetcatalog; path = Assets.xcassets; sourceTree = "<group>"; };
		D53E91F92BCCC6B5005BB379 /* Base */ = {isa = PBXFileReference; lastKnownFileType = file.storyboard; name = Base; path = Base.lproj/LaunchScreen.storyboard; sourceTree = "<group>"; };
		D53E91FB2BCCC6B5005BB379 /* Info.plist */ = {isa = PBXFileReference; lastKnownFileType = text.plist.xml; path = Info.plist; sourceTree = "<group>"; };
		D53E92002BCCC6B5005BB379 /* PersonalityQuizTests.xctest */ = {isa = PBXFileReference; explicitFileType = wrapper.cfbundle; includeInIndex = 0; path = PersonalityQuizTests.xctest; sourceTree = BUILT_PRODUCTS_DIR; };
		D53E92042BCCC6B5005BB379 /* PersonalityQuizTests.swift */ = {isa = PBXFileReference; lastKnownFileType = sourcecode.swift; path = PersonalityQuizTests.swift; sourceTree = "<group>"; };
		D53E920A2BCCC6B5005BB379 /* PersonalityQuizUITests.xctest */ = {isa = PBXFileReference; explicitFileType = wrapper.cfbundle; includeInIndex = 0; path = PersonalityQuizUITests.xctest; sourceTree = BUILT_PRODUCTS_DIR; };
		D53E920E2BCCC6B5005BB379 /* PersonalityQuizUITests.swift */ = {isa = PBXFileReference; lastKnownFileType = sourcecode.swift; path = PersonalityQuizUITests.swift; sourceTree = "<group>"; };
		D53E92102BCCC6B5005BB379 /* PersonalityQuizUITestsLaunchTests.swift */ = {isa = PBXFileReference; lastKnownFileType = sourcecode.swift; path = PersonalityQuizUITestsLaunchTests.swift; sourceTree = "<group>"; };
/* End PBXFileReference section */

/* Begin PBXFrameworksBuildPhase section */
		D53E91E42BCCC6B4005BB379 /* Frameworks */ = {
			isa = PBXFrameworksBuildPhase;
			buildActionMask = 2147483647;
			files = (
			);
			runOnlyForDeploymentPostprocessing = 0;
		};
		D53E91FD2BCCC6B5005BB379 /* Frameworks */ = {
			isa = PBXFrameworksBuildPhase;
			buildActionMask = 2147483647;
			files = (
			);
			runOnlyForDeploymentPostprocessing = 0;
		};
		D53E92072BCCC6B5005BB379 /* Frameworks */ = {
			isa = PBXFrameworksBuildPhase;
			buildActionMask = 2147483647;
			files = (
			);
			runOnlyForDeploymentPostprocessing = 0;
		};
/* End PBXFrameworksBuildPhase section */

/* Begin PBXGroup section */
		D53E91DE2BCCC6B4005BB379 = {
			isa = PBXGroup;
			children = (
				D53E91E92BCCC6B4005BB379 /* PersonalityQuiz */,
				D53E92032BCCC6B5005BB379 /* PersonalityQuizTests */,
				D53E920D2BCCC6B5005BB379 /* PersonalityQuizUITests */,
				D53E91E82BCCC6B4005BB379 /* Products */,
			);
			sourceTree = "<group>";
		};
		D53E91E82BCCC6B4005BB379 /* Products */ = {
			isa = PBXGroup;
			children = (
				D53E91E72BCCC6B4005BB379 /* PersonalityQuiz.app */,
				D53E92002BCCC6B5005BB379 /* PersonalityQuizTests.xctest */,
				D53E920A2BCCC6B5005BB379 /* PersonalityQuizUITests.xctest */,
			);
			name = Products;
			sourceTree = "<group>";
		};
		D53E91E92BCCC6B4005BB379 /* PersonalityQuiz */ = {
			isa = PBXGroup;
			children = (
				D53E91EA2BCCC6B4005BB379 /* AppDelegate.swift */,
				D53E91EC2BCCC6B4005BB379 /* SceneDelegate.swift */,
				D53E91EE2BCCC6B4005BB379 /* IntroductionViewController.swift */,
				D53E91F02BCCC6B4005BB379 /* Main.storyboard */,
				D53E91F62BCCC6B5005BB379 /* Assets.xcassets */,
				D53E91F82BCCC6B5005BB379 /* LaunchScreen.storyboard */,
				D53E91FB2BCCC6B5005BB379 /* Info.plist */,
				D53E91F32BCCC6B4005BB379 /* PersonalityQuiz.xcdatamodeld */,
				D513C4E42BCCD2CC00E0ABF1 /* QuestionViewController.swift */,
				D513C4E62BCCD2F600E0ABF1 /* ResultsViewController.swift */,
				D513C4EA2BCCE7C900E0ABF1 /* QuestionData.swift */,
			);
			path = PersonalityQuiz;
			sourceTree = "<group>";
		};
		D53E92032BCCC6B5005BB379 /* PersonalityQuizTests */ = {
			isa = PBXGroup;
			children = (
				D53E92042BCCC6B5005BB379 /* PersonalityQuizTests.swift */,
			);
			path = PersonalityQuizTests;
			sourceTree = "<group>";
		};
		D53E920D2BCCC6B5005BB379 /* PersonalityQuizUITests */ = {
			isa = PBXGroup;
			children = (
				D53E920E2BCCC6B5005BB379 /* PersonalityQuizUITests.swift */,
				D53E92102BCCC6B5005BB379 /* PersonalityQuizUITestsLaunchTests.swift */,
			);
			path = PersonalityQuizUITests;
			sourceTree = "<group>";
		};
/* End PBXGroup section */

/* Begin PBXNativeTarget section */
		D53E91E62BCCC6B4005BB379 /* PersonalityQuiz */ = {
			isa = PBXNativeTarget;
			buildConfigurationList = D53E92142BCCC6B5005BB379 /* Build configuration list for PBXNativeTarget "PersonalityQuiz" */;
			buildPhases = (
				D53E91E32BCCC6B4005BB379 /* Sources */,
				D53E91E42BCCC6B4005BB379 /* Frameworks */,
				D53E91E52BCCC6B4005BB379 /* Resources */,
			);
			buildRules = (
			);
			dependencies = (
			);
			name = PersonalityQuiz;
			productName = PersonalityQuiz;
			productReference = D53E91E72BCCC6B4005BB379 /* PersonalityQuiz.app */;
			productType = "com.apple.product-type.application";
		};
		D53E91FF2BCCC6B5005BB379 /* PersonalityQuizTests */ = {
			isa = PBXNativeTarget;
			buildConfigurationList = D53E92172BCCC6B5005BB379 /* Build configuration list for PBXNativeTarget "PersonalityQuizTests" */;
			buildPhases = (
				D53E91FC2BCCC6B5005BB379 /* Sources */,
				D53E91FD2BCCC6B5005BB379 /* Frameworks */,
				D53E91FE2BCCC6B5005BB379 /* Resources */,
			);
			buildRules = (
			);
			dependencies = (
				D53E92022BCCC6B5005BB379 /* PBXTargetDependency */,
			);
			name = PersonalityQuizTests;
			productName = PersonalityQuizTests;
			productReference = D53E92002BCCC6B5005BB379 /* PersonalityQuizTests.xctest */;
			productType = "com.apple.product-type.bundle.unit-test";
		};
		D53E92092BCCC6B5005BB379 /* PersonalityQuizUITests */ = {
			isa = PBXNativeTarget;
			buildConfigurationList = D53E921A2BCCC6B5005BB379 /* Build configuration list for PBXNativeTarget "PersonalityQuizUITests" */;
			buildPhases = (
				D53E92062BCCC6B5005BB379 /* Sources */,
				D53E92072BCCC6B5005BB379 /* Frameworks */,
				D53E92082BCCC6B5005BB379 /* Resources */,
			);
			buildRules = (
			);
			dependencies = (
				D53E920C2BCCC6B5005BB379 /* PBXTargetDependency */,
			);
			name = PersonalityQuizUITests;
			productName = PersonalityQuizUITests;
			productReference = D53E920A2BCCC6B5005BB379 /* PersonalityQuizUITests.xctest */;
			productType = "com.apple.product-type.bundle.ui-testing";
		};
/* End PBXNativeTarget section */

/* Begin PBXProject section */
		D53E91DF2BCCC6B4005BB379 /* Project object */ = {
			isa = PBXProject;
			attributes = {
				BuildIndependentTargetsInParallel = 1;
				LastSwiftUpdateCheck = 1530;
				LastUpgradeCheck = 1530;
				TargetAttributes = {
					D53E91E62BCCC6B4005BB379 = {
						CreatedOnToolsVersion = 15.3;
					};
					D53E91FF2BCCC6B5005BB379 = {
						CreatedOnToolsVersion = 15.3;
						TestTargetID = D53E91E62BCCC6B4005BB379;
					};
					D53E92092BCCC6B5005BB379 = {
						CreatedOnToolsVersion = 15.3;
						TestTargetID = D53E91E62BCCC6B4005BB379;
					};
				};
			};
			buildConfigurationList = D53E91E22BCCC6B4005BB379 /* Build configuration list for PBXProject "PersonalityQuiz" */;
			compatibilityVersion = "Xcode 14.0";
			developmentRegion = en;
			hasScannedForEncodings = 0;
			knownRegions = (
				en,
				Base,
			);
			mainGroup = D53E91DE2BCCC6B4005BB379;
			productRefGroup = D53E91E82BCCC6B4005BB379 /* Products */;
			projectDirPath = "";
			projectRoot = "";
			targets = (
				D53E91E62BCCC6B4005BB379 /* PersonalityQuiz */,
				D53E91FF2BCCC6B5005BB379 /* PersonalityQuizTests */,
				D53E92092BCCC6B5005BB379 /* PersonalityQuizUITests */,
			);
		};
/* End PBXProject section */

/* Begin PBXResourcesBuildPhase section */
		D53E91E52BCCC6B4005BB379 /* Resources */ = {
			isa = PBXResourcesBuildPhase;
			buildActionMask = 2147483647;
			files = (
				D53E91F72BCCC6B5005BB379 /* Assets.xcassets in Resources */,
				D53E91FA2BCCC6B5005BB379 /* Base in Resources */,
				D53E91F22BCCC6B4005BB379 /* Base in Resources */,
			);
			runOnlyForDeploymentPostprocessing = 0;
		};
		D53E91FE2BCCC6B5005BB379 /* Resources */ = {
			isa = PBXResourcesBuildPhase;
			buildActionMask = 2147483647;
			files = (
			);
			runOnlyForDeploymentPostprocessing = 0;
		};
		D53E92082BCCC6B5005BB379 /* Resources */ = {
			isa = PBXResourcesBuildPhase;
			buildActionMask = 2147483647;
			files = (
			);
			runOnlyForDeploymentPostprocessing = 0;
		};
/* End PBXResourcesBuildPhase section */

/* Begin PBXSourcesBuildPhase section */
		D53E91E32BCCC6B4005BB379 /* Sources */ = {
			isa = PBXSourcesBuildPhase;
			buildActionMask = 2147483647;
			files = (
				D53E91EF2BCCC6B4005BB379 /* IntroductionViewController.swift in Sources */,
				D513C4E52BCCD2CC00E0ABF1 /* QuestionViewController.swift in Sources */,
				D53E91EB2BCCC6B4005BB379 /* AppDelegate.swift in Sources */,
				D513C4EB2BCCE7C900E0ABF1 /* QuestionData.swift in Sources */,
				D53E91ED2BCCC6B4005BB379 /* SceneDelegate.swift in Sources */,
				D53E91F52BCCC6B4005BB379 /* PersonalityQuiz.xcdatamodeld in Sources */,
				D513C4E72BCCD2F600E0ABF1 /* ResultsViewController.swift in Sources */,
			);
			runOnlyForDeploymentPostprocessing = 0;
		};
		D53E91FC2BCCC6B5005BB379 /* Sources */ = {
			isa = PBXSourcesBuildPhase;
			buildActionMask = 2147483647;
			files = (
				D53E92052BCCC6B5005BB379 /* PersonalityQuizTests.swift in Sources */,
			);
			runOnlyForDeploymentPostprocessing = 0;
		};
		D53E92062BCCC6B5005BB379 /* Sources */ = {
			isa = PBXSourcesBuildPhase;
			buildActionMask = 2147483647;
			files = (
				D53E92112BCCC6B5005BB379 /* PersonalityQuizUITestsLaunchTests.swift in Sources */,
				D53E920F2BCCC6B5005BB379 /* PersonalityQuizUITests.swift in Sources */,
			);
			runOnlyForDeploymentPostprocessing = 0;
		};
/* End PBXSourcesBuildPhase section */

/* Begin PBXTargetDependency section */
		D53E92022BCCC6B5005BB379 /* PBXTargetDependency */ = {
			isa = PBXTargetDependency;
			target = D53E91E62BCCC6B4005BB379 /* PersonalityQuiz */;
			targetProxy = D53E92012BCCC6B5005BB379 /* PBXContainerItemProxy */;
		};
		D53E920C2BCCC6B5005BB379 /* PBXTargetDependency */ = {
			isa = PBXTargetDependency;
			target = D53E91E62BCCC6B4005BB379 /* PersonalityQuiz */;
			targetProxy = D53E920B2BCCC6B5005BB379 /* PBXContainerItemProxy */;
		};
/* End PBXTargetDependency section */

/* Begin PBXVariantGroup section */
		D53E91F02BCCC6B4005BB379 /* Main.storyboard */ = {
			isa = PBXVariantGroup;
			children = (
				D53E91F12BCCC6B4005BB379 /* Base */,
			);
			name = Main.storyboard;
			sourceTree = "<group>";
		};
		D53E91F82BCCC6B5005BB379 /* LaunchScreen.storyboard */ = {
			isa = PBXVariantGroup;
			children = (
				D53E91F92BCCC6B5005BB379 /* Base */,
			);
			name = LaunchScreen.storyboard;
			sourceTree = "<group>";
		};
/* End PBXVariantGroup section */

/* Begin XCBuildConfiguration section */
		D53E92122BCCC6B5005BB379 /* Debug */ = {
			isa = XCBuildConfiguration;
			buildSettings = {
				ALWAYS_SEARCH_USER_PATHS = NO;
				ASSETCATALOG_COMPILER_GENERATE_SWIFT_ASSET_SYMBOL_EXTENSIONS = YES;
				CLANG_ANALYZER_NONNULL = YES;
				CLANG_ANALYZER_NUMBER_OBJECT_CONVERSION = YES_AGGRESSIVE;
				CLANG_CXX_LANGUAGE_STANDARD = "gnu++20";
				CLANG_ENABLE_MODULES = YES;
				CLANG_ENABLE_OBJC_ARC = YES;
				CLANG_ENABLE_OBJC_WEAK = YES;
				CLANG_WARN_BLOCK_CAPTURE_AUTORELEASING = YES;
				CLANG_WARN_BOOL_CONVERSION = YES;
				CLANG_WARN_COMMA = YES;
				CLANG_WARN_CONSTANT_CONVERSION = YES;
				CLANG_WARN_DEPRECATED_OBJC_IMPLEMENTATIONS = YES;
				CLANG_WARN_DIRECT_OBJC_ISA_USAGE = YES_ERROR;
				CLANG_WARN_DOCUMENTATION_COMMENTS = YES;
				CLANG_WARN_EMPTY_BODY = YES;
				CLANG_WARN_ENUM_CONVERSION = YES;
				CLANG_WARN_INFINITE_RECURSION = YES;
				CLANG_WARN_INT_CONVERSION = YES;
				CLANG_WARN_NON_LITERAL_NULL_CONVERSION = YES;
				CLANG_WARN_OBJC_IMPLICIT_RETAIN_SELF = YES;
				CLANG_WARN_OBJC_LITERAL_CONVERSION = YES;
				CLANG_WARN_OBJC_ROOT_CLASS = YES_ERROR;
				CLANG_WARN_QUOTED_INCLUDE_IN_FRAMEWORK_HEADER = YES;
				CLANG_WARN_RANGE_LOOP_ANALYSIS = YES;
				CLANG_WARN_STRICT_PROTOTYPES = YES;
				CLANG_WARN_SUSPICIOUS_MOVE = YES;
				CLANG_WARN_UNGUARDED_AVAILABILITY = YES_AGGRESSIVE;
				CLANG_WARN_UNREACHABLE_CODE = YES;
				CLANG_WARN__DUPLICATE_METHOD_MATCH = YES;
				COPY_PHASE_STRIP = NO;
				DEBUG_INFORMATION_FORMAT = dwarf;
				ENABLE_STRICT_OBJC_MSGSEND = YES;
				ENABLE_TESTABILITY = YES;
				ENABLE_USER_SCRIPT_SANDBOXING = YES;
				GCC_C_LANGUAGE_STANDARD = gnu17;
				GCC_DYNAMIC_NO_PIC = NO;
				GCC_NO_COMMON_BLOCKS = YES;
				GCC_OPTIMIZATION_LEVEL = 0;
				GCC_PREPROCESSOR_DEFINITIONS = (
					"DEBUG=1",
					"$(inherited)",
				);
				GCC_WARN_64_TO_32_BIT_CONVERSION = YES;
				GCC_WARN_ABOUT_RETURN_TYPE = YES_ERROR;
				GCC_WARN_UNDECLARED_SELECTOR = YES;
				GCC_WARN_UNINITIALIZED_AUTOS = YES_AGGRESSIVE;
				GCC_WARN_UNUSED_FUNCTION = YES;
				GCC_WARN_UNUSED_VARIABLE = YES;
				IPHONEOS_DEPLOYMENT_TARGET = 17.4;
				LOCALIZATION_PREFERS_STRING_CATALOGS = YES;
				MTL_ENABLE_DEBUG_INFO = INCLUDE_SOURCE;
				MTL_FAST_MATH = YES;
				ONLY_ACTIVE_ARCH = YES;
				SDKROOT = iphoneos;
				SWIFT_ACTIVE_COMPILATION_CONDITIONS = "DEBUG $(inherited)";
				SWIFT_OPTIMIZATION_LEVEL = "-Onone";
			};
			name = Debug;
		};
		D53E92132BCCC6B5005BB379 /* Release */ = {
			isa = XCBuildConfiguration;
			buildSettings = {
				ALWAYS_SEARCH_USER_PATHS = NO;
				ASSETCATALOG_COMPILER_GENERATE_SWIFT_ASSET_SYMBOL_EXTENSIONS = YES;
				CLANG_ANALYZER_NONNULL = YES;
				CLANG_ANALYZER_NUMBER_OBJECT_CONVERSION = YES_AGGRESSIVE;
				CLANG_CXX_LANGUAGE_STANDARD = "gnu++20";
				CLANG_ENABLE_MODULES = YES;
				CLANG_ENABLE_OBJC_ARC = YES;
				CLANG_ENABLE_OBJC_WEAK = YES;
				CLANG_WARN_BLOCK_CAPTURE_AUTORELEASING = YES;
				CLANG_WARN_BOOL_CONVERSION = YES;
				CLANG_WARN_COMMA = YES;
				CLANG_WARN_CONSTANT_CONVERSION = YES;
				CLANG_WARN_DEPRECATED_OBJC_IMPLEMENTATIONS = YES;
				CLANG_WARN_DIRECT_OBJC_ISA_USAGE = YES_ERROR;
				CLANG_WARN_DOCUMENTATION_COMMENTS = YES;
				CLANG_WARN_EMPTY_BODY = YES;
				CLANG_WARN_ENUM_CONVERSION = YES;
				CLANG_WARN_INFINITE_RECURSION = YES;
				CLANG_WARN_INT_CONVERSION = YES;
				CLANG_WARN_NON_LITERAL_NULL_CONVERSION = YES;
				CLANG_WARN_OBJC_IMPLICIT_RETAIN_SELF = YES;
				CLANG_WARN_OBJC_LITERAL_CONVERSION = YES;
				CLANG_WARN_OBJC_ROOT_CLASS = YES_ERROR;
				CLANG_WARN_QUOTED_INCLUDE_IN_FRAMEWORK_HEADER = YES;
				CLANG_WARN_RANGE_LOOP_ANALYSIS = YES;
				CLANG_WARN_STRICT_PROTOTYPES = YES;
				CLANG_WARN_SUSPICIOUS_MOVE = YES;
				CLANG_WARN_UNGUARDED_AVAILABILITY = YES_AGGRESSIVE;
				CLANG_WARN_UNREACHABLE_CODE = YES;
				CLANG_WARN__DUPLICATE_METHOD_MATCH = YES;
				COPY_PHASE_STRIP = NO;
				DEBUG_INFORMATION_FORMAT = "dwarf-with-dsym";
				ENABLE_NS_ASSERTIONS = NO;
				ENABLE_STRICT_OBJC_MSGSEND = YES;
				ENABLE_USER_SCRIPT_SANDBOXING = YES;
				GCC_C_LANGUAGE_STANDARD = gnu17;
				GCC_NO_COMMON_BLOCKS = YES;
				GCC_WARN_64_TO_32_BIT_CONVERSION = YES;
				GCC_WARN_ABOUT_RETURN_TYPE = YES_ERROR;
				GCC_WARN_UNDECLARED_SELECTOR = YES;
				GCC_WARN_UNINITIALIZED_AUTOS = YES_AGGRESSIVE;
				GCC_WARN_UNUSED_FUNCTION = YES;
				GCC_WARN_UNUSED_VARIABLE = YES;
				IPHONEOS_DEPLOYMENT_TARGET = 17.4;
				LOCALIZATION_PREFERS_STRING_CATALOGS = YES;
				MTL_ENABLE_DEBUG_INFO = NO;
				MTL_FAST_MATH = YES;
				SDKROOT = iphoneos;
				SWIFT_COMPILATION_MODE = wholemodule;
				VALIDATE_PRODUCT = YES;
			};
			name = Release;
		};
		D53E92152BCCC6B5005BB379 /* Debug */ = {
			isa = XCBuildConfiguration;
			buildSettings = {
				ASSETCATALOG_COMPILER_APPICON_NAME = AppIcon;
				ASSETCATALOG_COMPILER_GLOBAL_ACCENT_COLOR_NAME = AccentColor;
				CODE_SIGN_STYLE = Automatic;
				CURRENT_PROJECT_VERSION = 1;
				GENERATE_INFOPLIST_FILE = YES;
				INFOPLIST_FILE = PersonalityQuiz/Info.plist;
				INFOPLIST_KEY_UIApplicationSupportsIndirectInputEvents = YES;
				INFOPLIST_KEY_UILaunchStoryboardName = LaunchScreen;
				INFOPLIST_KEY_UIMainStoryboardFile = Main;
				INFOPLIST_KEY_UISupportedInterfaceOrientations_iPad = "UIInterfaceOrientationPortrait UIInterfaceOrientationPortraitUpsideDown UIInterfaceOrientationLandscapeLeft UIInterfaceOrientationLandscapeRight";
				INFOPLIST_KEY_UISupportedInterfaceOrientations_iPhone = "UIInterfaceOrientationPortrait UIInterfaceOrientationLandscapeLeft UIInterfaceOrientationLandscapeRight";
				LD_RUNPATH_SEARCH_PATHS = (
					"$(inherited)",
					"@executable_path/Frameworks",
				);
				MARKETING_VERSION = 1.0;
				PRODUCT_BUNDLE_IDENTIFIER = Regina.PersonalityQuiz;
				PRODUCT_NAME = "$(TARGET_NAME)";
				SWIFT_EMIT_LOC_STRINGS = YES;
				SWIFT_VERSION = 5.0;
				TARGETED_DEVICE_FAMILY = "1,2";
			};
			name = Debug;
		};
		D53E92162BCCC6B5005BB379 /* Release */ = {
			isa = XCBuildConfiguration;
			buildSettings = {
				ASSETCATALOG_COMPILER_APPICON_NAME = AppIcon;
				ASSETCATALOG_COMPILER_GLOBAL_ACCENT_COLOR_NAME = AccentColor;
				CODE_SIGN_STYLE = Automatic;
				CURRENT_PROJECT_VERSION = 1;
				GENERATE_INFOPLIST_FILE = YES;
				INFOPLIST_FILE = PersonalityQuiz/Info.plist;
				INFOPLIST_KEY_UIApplicationSupportsIndirectInputEvents = YES;
				INFOPLIST_KEY_UILaunchStoryboardName = LaunchScreen;
				INFOPLIST_KEY_UIMainStoryboardFile = Main;
				INFOPLIST_KEY_UISupportedInterfaceOrientations_iPad = "UIInterfaceOrientationPortrait UIInterfaceOrientationPortraitUpsideDown UIInterfaceOrientationLandscapeLeft UIInterfaceOrientationLandscapeRight";
				INFOPLIST_KEY_UISupportedInterfaceOrientations_iPhone = "UIInterfaceOrientationPortrait UIInterfaceOrientationLandscapeLeft UIInterfaceOrientationLandscapeRight";
				LD_RUNPATH_SEARCH_PATHS = (
					"$(inherited)",
					"@executable_path/Frameworks",
				);
				MARKETING_VERSION = 1.0;
				PRODUCT_BUNDLE_IDENTIFIER = Regina.PersonalityQuiz;
				PRODUCT_NAME = "$(TARGET_NAME)";
				SWIFT_EMIT_LOC_STRINGS = YES;
				SWIFT_VERSION = 5.0;
				TARGETED_DEVICE_FAMILY = "1,2";
			};
			name = Release;
		};
		D53E92182BCCC6B5005BB379 /* Debug */ = {
			isa = XCBuildConfiguration;
			buildSettings = {
				ALWAYS_EMBED_SWIFT_STANDARD_LIBRARIES = YES;
				BUNDLE_LOADER = "$(TEST_HOST)";
				CODE_SIGN_STYLE = Automatic;
				CURRENT_PROJECT_VERSION = 1;
				GENERATE_INFOPLIST_FILE = YES;
				IPHONEOS_DEPLOYMENT_TARGET = 17.4;
				MARKETING_VERSION = 1.0;
				PRODUCT_BUNDLE_IDENTIFIER = Regina.PersonalityQuizTests;
				PRODUCT_NAME = "$(TARGET_NAME)";
				SWIFT_EMIT_LOC_STRINGS = NO;
				SWIFT_VERSION = 5.0;
				TARGETED_DEVICE_FAMILY = "1,2";
				TEST_HOST = "$(BUILT_PRODUCTS_DIR)/PersonalityQuiz.app/$(BUNDLE_EXECUTABLE_FOLDER_PATH)/PersonalityQuiz";
			};
			name = Debug;
		};
		D53E92192BCCC6B5005BB379 /* Release */ = {
			isa = XCBuildConfiguration;
			buildSettings = {
				ALWAYS_EMBED_SWIFT_STANDARD_LIBRARIES = YES;
				BUNDLE_LOADER = "$(TEST_HOST)";
				CODE_SIGN_STYLE = Automatic;
				CURRENT_PROJECT_VERSION = 1;
				GENERATE_INFOPLIST_FILE = YES;
				IPHONEOS_DEPLOYMENT_TARGET = 17.4;
				MARKETING_VERSION = 1.0;
				PRODUCT_BUNDLE_IDENTIFIER = Regina.PersonalityQuizTests;
				PRODUCT_NAME = "$(TARGET_NAME)";
				SWIFT_EMIT_LOC_STRINGS = NO;
				SWIFT_VERSION = 5.0;
				TARGETED_DEVICE_FAMILY = "1,2";
				TEST_HOST = "$(BUILT_PRODUCTS_DIR)/PersonalityQuiz.app/$(BUNDLE_EXECUTABLE_FOLDER_PATH)/PersonalityQuiz";
			};
			name = Release;
		};
		D53E921B2BCCC6B5005BB379 /* Debug */ = {
			isa = XCBuildConfiguration;
			buildSettings = {
				ALWAYS_EMBED_SWIFT_STANDARD_LIBRARIES = YES;
				CODE_SIGN_STYLE = Automatic;
				CURRENT_PROJECT_VERSION = 1;
				GENERATE_INFOPLIST_FILE = YES;
				MARKETING_VERSION = 1.0;
				PRODUCT_BUNDLE_IDENTIFIER = Regina.PersonalityQuizUITests;
				PRODUCT_NAME = "$(TARGET_NAME)";
				SWIFT_EMIT_LOC_STRINGS = NO;
				SWIFT_VERSION = 5.0;
				TARGETED_DEVICE_FAMILY = "1,2";
				TEST_TARGET_NAME = PersonalityQuiz;
			};
			name = Debug;
		};
		D53E921C2BCCC6B5005BB379 /* Release */ = {
			isa = XCBuildConfiguration;
			buildSettings = {
				ALWAYS_EMBED_SWIFT_STANDARD_LIBRARIES = YES;
				CODE_SIGN_STYLE = Automatic;
				CURRENT_PROJECT_VERSION = 1;
				GENERATE_INFOPLIST_FILE = YES;
				MARKETING_VERSION = 1.0;
				PRODUCT_BUNDLE_IDENTIFIER = Regina.PersonalityQuizUITests;
				PRODUCT_NAME = "$(TARGET_NAME)";
				SWIFT_EMIT_LOC_STRINGS = NO;
				SWIFT_VERSION = 5.0;
				TARGETED_DEVICE_FAMILY = "1,2";
				TEST_TARGET_NAME = PersonalityQuiz;
			};
			name = Release;
		};
/* End XCBuildConfiguration section */

/* Begin XCConfigurationList section */
		D53E91E22BCCC6B4005BB379 /* Build configuration list for PBXProject "PersonalityQuiz" */ = {
			isa = XCConfigurationList;
			buildConfigurations = (
				D53E92122BCCC6B5005BB379 /* Debug */,
				D53E92132BCCC6B5005BB379 /* Release */,
			);
			defaultConfigurationIsVisible = 0;
			defaultConfigurationName = Release;
		};
		D53E92142BCCC6B5005BB379 /* Build configuration list for PBXNativeTarget "PersonalityQuiz" */ = {
			isa = XCConfigurationList;
			buildConfigurations = (
				D53E92152BCCC6B5005BB379 /* Debug */,
				D53E92162BCCC6B5005BB379 /* Release */,
			);
			defaultConfigurationIsVisible = 0;
			defaultConfigurationName = Release;
		};
		D53E92172BCCC6B5005BB379 /* Build configuration list for PBXNativeTarget "PersonalityQuizTests" */ = {
			isa = XCConfigurationList;
			buildConfigurations = (
				D53E92182BCCC6B5005BB379 /* Debug */,
				D53E92192BCCC6B5005BB379 /* Release */,
			);
			defaultConfigurationIsVisible = 0;
			defaultConfigurationName = Release;
		};
		D53E921A2BCCC6B5005BB379 /* Build configuration list for PBXNativeTarget "PersonalityQuizUITests" */ = {
			isa = XCConfigurationList;
			buildConfigurations = (
				D53E921B2BCCC6B5005BB379 /* Debug */,
				D53E921C2BCCC6B5005BB379 /* Release */,
			);
			defaultConfigurationIsVisible = 0;
			defaultConfigurationName = Release;
		};
/* End XCConfigurationList section */

/* Begin XCVersionGroup section */
		D53E91F32BCCC6B4005BB379 /* PersonalityQuiz.xcdatamodeld */ = {
			isa = XCVersionGroup;
			children = (
				D53E91F42BCCC6B4005BB379 /* PersonalityQuiz.xcdatamodel */,
			);
			currentVersion = D53E91F42BCCC6B4005BB379 /* PersonalityQuiz.xcdatamodel */;
			path = PersonalityQuiz.xcdatamodeld;
			sourceTree = "<group>";
			versionGroupType = wrapper.xcdatamodel;
		};
/* End XCVersionGroup section */
	};
	rootObject = D53E91DF2BCCC6B4005BB379 /* Project object */;
}
